
Microsoft Visual Studio Solution File, Format Version 12.00
# Visual Studio Version 17
VisualStudioVersion = 17.14.36414.22 d17.14
MinimumVisualStudioVersion = 10.0.40219.1
Project("{FAE04EC0-301F-11D3-BF4B-00C04F79EFBC}") = "HMAC-Client", "HMAC-Client\HMAC-Client.csproj", "{72CC141C-551D-4680-97CE-50C77019171D}"
EndProject
Global
	GlobalSection(SolutionConfigurationPlatforms) = preSolution
		Debug|Any CPU = Debug|Any CPU
		Release|Any CPU = Release|Any CPU
	EndGlobalSection
	GlobalSection(ProjectConfigurationPlatforms) = postSolution
		{72CC141C-551D-4680-97CE-50C77019171D}.Debug|Any CPU.ActiveCfg = Debug|Any CPU
		{72CC141C-551D-4680-97CE-50C77019171D}.Debug|Any CPU.Build.0 = Debug|Any CPU
		{72CC141C-551D-4680-97CE-50C77019171D}.Release|Any CPU.ActiveCfg = Release|Any CPU
		{72CC141C-551D-4680-97CE-50C77019171D}.Release|Any CPU.Build.0 = Release|Any CPU
	EndGlobalSection
	GlobalSection(SolutionProperties) = preSolution
		HideSolutionNode = FALSE
	EndGlobalSection
	GlobalSection(ExtensibilityGlobals) = postSolution
		SolutionGuid = {A4382DD1-EA0C-49ED-A7F9-8C94FC008AB9}
	EndGlobalSection
EndGlobal
