
Microsoft Visual Studio Solution File, Format Version 12.00
# Visual Studio Version 17
VisualStudioVersion = 17.14.36414.22 d17.14
MinimumVisualStudioVersion = 10.0.40219.1
Project("{FAE04EC0-301F-11D3-BF4B-00C04F79EFBC}") = "JwtAuthDotNet9", "JwtAuthDotNet9.csproj", "{EFA681C8-BB5C-43AD-B186-F03A6F7C9BB4}"
EndProject
Global
	GlobalSection(SolutionConfigurationPlatforms) = preSolution
		Debug|Any CPU = Debug|Any CPU
		Release|Any CPU = Release|Any CPU
	EndGlobalSection
	GlobalSection(ProjectConfigurationPlatforms) = postSolution
		{EFA681C8-BB5C-43AD-B186-F03A6F7C9BB4}.Debug|Any CPU.ActiveCfg = Debug|Any CPU
		{EFA681C8-BB5C-43AD-B186-F03A6F7C9BB4}.Debug|Any CPU.Build.0 = Debug|Any CPU
		{EFA681C8-BB5C-43AD-B186-F03A6F7C9BB4}.Release|Any CPU.ActiveCfg = Release|Any CPU
		{EFA681C8-BB5C-43AD-B186-F03A6F7C9BB4}.Release|Any CPU.Build.0 = Release|Any CPU
	EndGlobalSection
	GlobalSection(SolutionProperties) = preSolution
		HideSolutionNode = FALSE
	EndGlobalSection
	GlobalSection(ExtensibilityGlobals) = postSolution
		SolutionGuid = {C4F4E888-D269-453F-9C2E-84D1C7F5C548}
	EndGlobalSection
EndGlobal
