
Microsoft Visual Studio Solution File, Format Version 12.00
# Visual Studio Version 17
VisualStudioVersion = 17.14.36414.22 d17.14
MinimumVisualStudioVersion = 10.0.40219.1
Project("{FAE04EC0-301F-11D3-BF4B-00C04F79EFBC}") = "ClientID_Secret-auth-Client", "ClientID_Secret-auth-Client\ClientID_Secret-auth-Client.csproj", "{F2941E4D-3CBF-41E3-871A-3ABF33679760}"
EndProject
Global
	GlobalSection(SolutionConfigurationPlatforms) = preSolution
		Debug|Any CPU = Debug|Any CPU
		Release|Any CPU = Release|Any CPU
	EndGlobalSection
	GlobalSection(ProjectConfigurationPlatforms) = postSolution
		{F2941E4D-3CBF-41E3-871A-3ABF33679760}.Debug|Any CPU.ActiveCfg = Debug|Any CPU
		{F2941E4D-3CBF-41E3-871A-3ABF33679760}.Debug|Any CPU.Build.0 = Debug|Any CPU
		{F2941E4D-3CBF-41E3-871A-3ABF33679760}.Release|Any CPU.ActiveCfg = Release|Any CPU
		{F2941E4D-3CBF-41E3-871A-3ABF33679760}.Release|Any CPU.Build.0 = Release|Any CPU
	EndGlobalSection
	GlobalSection(SolutionProperties) = preSolution
		HideSolutionNode = FALSE
	EndGlobalSection
	GlobalSection(ExtensibilityGlobals) = postSolution
		SolutionGuid = {E5168C54-66E7-4DDD-B399-A8963E013D54}
	EndGlobalSection
EndGlobal
